
Microsoft Visual Studio Solution File, Format Version 12.00
# Visual Studio Version 16
VisualStudioVersion = 16.0.31911.196
MinimumVisualStudioVersion = 10.0.40219.1
Project("{FAE04EC0-301F-11D3-BF4B-00C04F79EFBC}") = "CustomExceptionFilter", "CustomExceptionFilter\CustomExceptionFilter.csproj", "{D7C193EE-060E-4E02-B53F-4CD2616B64D1}"
EndProject
Project("{FAE04EC0-301F-11D3-BF4B-00C04F79EFBC}") = "ExceptionHandlingLayer", "ExceptionHandlingLayer\ExceptionHandlingLayer.csproj", "{D399880E-5B13-46B9-B01D-CAF7A826E328}"
EndProject
Global
	GlobalSection(SolutionConfigurationPlatforms) = preSolution
		Debug|Any CPU = Debug|Any CPU
		Release|Any CPU = Release|Any CPU
	EndGlobalSection
	GlobalSection(ProjectConfigurationPlatforms) = postSolution
		{D7C193EE-060E-4E02-B53F-4CD2616B64D1}.Debug|Any CPU.ActiveCfg = Debug|Any CPU
		{D7C193EE-060E-4E02-B53F-4CD2616B64D1}.Debug|Any CPU.Build.0 = Debug|Any CPU
		{D7C193EE-060E-4E02-B53F-4CD2616B64D1}.Release|Any CPU.ActiveCfg = Release|Any CPU
		{D7C193EE-060E-4E02-B53F-4CD2616B64D1}.Release|Any CPU.Build.0 = Release|Any CPU
		{D399880E-5B13-46B9-B01D-CAF7A826E328}.Debug|Any CPU.ActiveCfg = Debug|Any CPU
		{D399880E-5B13-46B9-B01D-CAF7A826E328}.Debug|Any CPU.Build.0 = Debug|Any CPU
		{D399880E-5B13-46B9-B01D-CAF7A826E328}.Release|Any CPU.ActiveCfg = Release|Any CPU
		{D399880E-5B13-46B9-B01D-CAF7A826E328}.Release|Any CPU.Build.0 = Release|Any CPU
	EndGlobalSection
	GlobalSection(SolutionProperties) = preSolution
		HideSolutionNode = FALSE
	EndGlobalSection
	GlobalSection(ExtensibilityGlobals) = postSolution
		SolutionGuid = {85F1C675-72FC-4A12-BBFF-4357BFBCBE5D}
	EndGlobalSection
EndGlobal
